// !$*UTF8*$!
{
	archiveVersion = 1;
	classes = {
	};
	objectVersion = 56;
	objects = {

/* Begin PBXBuildFile section */
		D7C11C2A2A578D63000892AC /* AppDelegate.swift in Sources */ = {isa = PBXBuildFile; fileRef = D7C11C292A578D63000892AC /* AppDelegate.swift */; };
		D7C11C2C2A578D63000892AC /* SceneDelegate.swift in Sources */ = {isa = PBXBuildFile; fileRef = D7C11C2B2A578D63000892AC /* SceneDelegate.swift */; };
		D7C11C2E2A578D63000892AC /* HomeViewController.swift in Sources */ = {isa = PBXBuildFile; fileRef = D7C11C2D2A578D63000892AC /* HomeViewController.swift */; };
		D7C11C332A578D65000892AC /* Assets.xcassets in Resources */ = {isa = PBXBuildFile; fileRef = D7C11C322A578D65000892AC /* Assets.xcassets */; };
		D7C11C362A578D65000892AC /* LaunchScreen.storyboard in Resources */ = {isa = PBXBuildFile; fileRef = D7C11C342A578D65000892AC /* LaunchScreen.storyboard */; };
		D7C11C412A579182000892AC /* HomeScreen.swift in Sources */ = {isa = PBXBuildFile; fileRef = D7C11C402A579182000892AC /* HomeScreen.swift */; };
		D7C11C442A579289000892AC /* UIView + Extension.swift in Sources */ = {isa = PBXBuildFile; fileRef = D7C11C432A579289000892AC /* UIView + Extension.swift */; };
		D7C11C462A5792AA000892AC /* UIColor + Extension.swift in Sources */ = {isa = PBXBuildFile; fileRef = D7C11C452A5792AA000892AC /* UIColor + Extension.swift */; };
		D7C11C492A579539000892AC /* HomeViewModel.swift in Sources */ = {isa = PBXBuildFile; fileRef = D7C11C482A579539000892AC /* HomeViewModel.swift */; };
		D7C11C4D2A579721000892AC /* PostCardCollectionViewCell.swift in Sources */ = {isa = PBXBuildFile; fileRef = D7C11C4C2A579721000892AC /* PostCardCollectionViewCell.swift */; };
		D7C11C4F2A579751000892AC /* PostCardCollectionViewCellScreen.swift in Sources */ = {isa = PBXBuildFile; fileRef = D7C11C4E2A579751000892AC /* PostCardCollectionViewCellScreen.swift */; };
		D7C11C562A579842000892AC /* StoryCardCollectionViewCell.swift in Sources */ = {isa = PBXBuildFile; fileRef = D7C11C552A579842000892AC /* StoryCardCollectionViewCell.swift */; };
		D7C11C582A579866000892AC /* StoryCardCollectionViewCellScreen.swift in Sources */ = {isa = PBXBuildFile; fileRef = D7C11C572A579866000892AC /* StoryCardCollectionViewCellScreen.swift */; };
		D7C11C5B2A5798B1000892AC /* StoryCardViewModel.swift in Sources */ = {isa = PBXBuildFile; fileRef = D7C11C5A2A5798B1000892AC /* StoryCardViewModel.swift */; };
		D7C11C5E2A579910000892AC /* Stories.swift in Sources */ = {isa = PBXBuildFile; fileRef = D7C11C5D2A579910000892AC /* Stories.swift */; };
		D7C11C602A579924000892AC /* Posts.swift in Sources */ = {isa = PBXBuildFile; fileRef = D7C11C5F2A579924000892AC /* Posts.swift */; };
		D7C11C632A579A82000892AC /* StoryCollectionViewCellScreen.swift in Sources */ = {isa = PBXBuildFile; fileRef = D7C11C622A579A82000892AC /* StoryCollectionViewCellScreen.swift */; };
		D7C11C652A579AAD000892AC /* StoryCollectionViewCell.swift in Sources */ = {isa = PBXBuildFile; fileRef = D7C11C642A579AAD000892AC /* StoryCollectionViewCell.swift */; };
		D7C11C6A2A57A0E7000892AC /* PostCollectionViewCell.swift in Sources */ = {isa = PBXBuildFile; fileRef = D7C11C692A57A0E7000892AC /* PostCollectionViewCell.swift */; };
		D7C11C6C2A57A101000892AC /* PostCollectionViewCellScreen.swift in Sources */ = {isa = PBXBuildFile; fileRef = D7C11C6B2A57A101000892AC /* PostCollectionViewCellScreen.swift */; };
		D7C11C6F2A57A196000892AC /* PostCardViewModel.swift in Sources */ = {isa = PBXBuildFile; fileRef = D7C11C6E2A57A196000892AC /* PostCardViewModel.swift */; };
/* End PBXBuildFile section */

/* Begin PBXFileReference section */
		D7C11C262A578D63000892AC /* mvvm.app */ = {isa = PBXFileReference; explicitFileType = wrapper.application; includeInIndex = 0; path = mvvm.app; sourceTree = BUILT_PRODUCTS_DIR; };
		D7C11C292A578D63000892AC /* AppDelegate.swift */ = {isa = PBXFileReference; lastKnownFileType = sourcecode.swift; path = AppDelegate.swift; sourceTree = "<group>"; };
		D7C11C2B2A578D63000892AC /* SceneDelegate.swift */ = {isa = PBXFileReference; lastKnownFileType = sourcecode.swift; path = SceneDelegate.swift; sourceTree = "<group>"; };
		D7C11C2D2A578D63000892AC /* HomeViewController.swift */ = {isa = PBXFileReference; lastKnownFileType = sourcecode.swift; path = HomeViewController.swift; sourceTree = "<group>"; };
		D7C11C322A578D65000892AC /* Assets.xcassets */ = {isa = PBXFileReference; lastKnownFileType = folder.assetcatalog; path = Assets.xcassets; sourceTree = "<group>"; };
		D7C11C352A578D65000892AC /* Base */ = {isa = PBXFileReference; lastKnownFileType = file.storyboard; name = Base; path = Base.lproj/LaunchScreen.storyboard; sourceTree = "<group>"; };
		D7C11C372A578D65000892AC /* Info.plist */ = {isa = PBXFileReference; lastKnownFileType = text.plist.xml; path = Info.plist; sourceTree = "<group>"; };
		D7C11C402A579182000892AC /* HomeScreen.swift */ = {isa = PBXFileReference; lastKnownFileType = sourcecode.swift; path = HomeScreen.swift; sourceTree = "<group>"; };
		D7C11C432A579289000892AC /* UIView + Extension.swift */ = {isa = PBXFileReference; lastKnownFileType = sourcecode.swift; path = "UIView + Extension.swift"; sourceTree = "<group>"; };
		D7C11C452A5792AA000892AC /* UIColor + Extension.swift */ = {isa = PBXFileReference; lastKnownFileType = sourcecode.swift; path = "UIColor + Extension.swift"; sourceTree = "<group>"; };
		D7C11C482A579539000892AC /* HomeViewModel.swift */ = {isa = PBXFileReference; lastKnownFileType = sourcecode.swift; path = HomeViewModel.swift; sourceTree = "<group>"; };
		D7C11C4C2A579721000892AC /* PostCardCollectionViewCell.swift */ = {isa = PBXFileReference; lastKnownFileType = sourcecode.swift; path = PostCardCollectionViewCell.swift; sourceTree = "<group>"; };
		D7C11C4E2A579751000892AC /* PostCardCollectionViewCellScreen.swift */ = {isa = PBXFileReference; lastKnownFileType = sourcecode.swift; path = PostCardCollectionViewCellScreen.swift; sourceTree = "<group>"; };
		D7C11C552A579842000892AC /* StoryCardCollectionViewCell.swift */ = {isa = PBXFileReference; lastKnownFileType = sourcecode.swift; path = StoryCardCollectionViewCell.swift; sourceTree = "<group>"; };
		D7C11C572A579866000892AC /* StoryCardCollectionViewCellScreen.swift */ = {isa = PBXFileReference; lastKnownFileType = sourcecode.swift; path = StoryCardCollectionViewCellScreen.swift; sourceTree = "<group>"; };
		D7C11C5A2A5798B1000892AC /* StoryCardViewModel.swift */ = {isa = PBXFileReference; lastKnownFileType = sourcecode.swift; path = StoryCardViewModel.swift; sourceTree = "<group>"; };
		D7C11C5D2A579910000892AC /* Stories.swift */ = {isa = PBXFileReference; lastKnownFileType = sourcecode.swift; path = Stories.swift; sourceTree = "<group>"; };
		D7C11C5F2A579924000892AC /* Posts.swift */ = {isa = PBXFileReference; lastKnownFileType = sourcecode.swift; path = Posts.swift; sourceTree = "<group>"; };
		D7C11C622A579A82000892AC /* StoryCollectionViewCellScreen.swift */ = {isa = PBXFileReference; lastKnownFileType = sourcecode.swift; path = StoryCollectionViewCellScreen.swift; sourceTree = "<group>"; };
		D7C11C642A579AAD000892AC /* StoryCollectionViewCell.swift */ = {isa = PBXFileReference; lastKnownFileType = sourcecode.swift; path = StoryCollectionViewCell.swift; sourceTree = "<group>"; };
		D7C11C692A57A0E7000892AC /* PostCollectionViewCell.swift */ = {isa = PBXFileReference; lastKnownFileType = sourcecode.swift; path = PostCollectionViewCell.swift; sourceTree = "<group>"; };
		D7C11C6B2A57A101000892AC /* PostCollectionViewCellScreen.swift */ = {isa = PBXFileReference; lastKnownFileType = sourcecode.swift; path = PostCollectionViewCellScreen.swift; sourceTree = "<group>"; };
		D7C11C6E2A57A196000892AC /* PostCardViewModel.swift */ = {isa = PBXFileReference; lastKnownFileType = sourcecode.swift; path = PostCardViewModel.swift; sourceTree = "<group>"; };
/* End PBXFileReference section */

/* Begin PBXFrameworksBuildPhase section */
		D7C11C232A578D63000892AC /* Frameworks */ = {
			isa = PBXFrameworksBuildPhase;
			buildActionMask = 2147483647;
			files = (
			);
			runOnlyForDeploymentPostprocessing = 0;
		};
/* End PBXFrameworksBuildPhase section */

/* Begin PBXGroup section */
		D7C11C1D2A578D63000892AC = {
			isa = PBXGroup;
			children = (
				D7C11C282A578D63000892AC /* mvvm */,
				D7C11C272A578D63000892AC /* Products */,
			);
			sourceTree = "<group>";
		};
		D7C11C272A578D63000892AC /* Products */ = {
			isa = PBXGroup;
			children = (
				D7C11C262A578D63000892AC /* mvvm.app */,
			);
			name = Products;
			sourceTree = "<group>";
		};
		D7C11C282A578D63000892AC /* mvvm */ = {
			isa = PBXGroup;
			children = (
				D7C11C5C2A5798E6000892AC /* Model */,
				D7C11C422A579269000892AC /* Extension */,
				D7C11C3E2A57915A000892AC /* Home */,
				D7C11C3D2A578EA4000892AC /* Suporte */,
				D7C11C372A578D65000892AC /* Info.plist */,
			);
			path = mvvm;
			sourceTree = "<group>";
		};
		D7C11C3D2A578EA4000892AC /* Suporte */ = {
			isa = PBXGroup;
			children = (
				D7C11C342A578D65000892AC /* LaunchScreen.storyboard */,
				D7C11C322A578D65000892AC /* Assets.xcassets */,
				D7C11C292A578D63000892AC /* AppDelegate.swift */,
				D7C11C2B2A578D63000892AC /* SceneDelegate.swift */,
			);
			path = Suporte;
			sourceTree = "<group>";
		};
		D7C11C3E2A57915A000892AC /* Home */ = {
			isa = PBXGroup;
			children = (
				D7C11C522A579805000892AC /* Cell */,
				D7C11C512A5797F0000892AC /* Controller */,
				D7C11C472A57951D000892AC /* ViewModel */,
				D7C11C3F2A579178000892AC /* View */,
			);
			path = Home;
			sourceTree = "<group>";
		};
		D7C11C3F2A579178000892AC /* View */ = {
			isa = PBXGroup;
			children = (
				D7C11C402A579182000892AC /* HomeScreen.swift */,
			);
			path = View;
			sourceTree = "<group>";
		};
		D7C11C422A579269000892AC /* Extension */ = {
			isa = PBXGroup;
			children = (
				D7C11C432A579289000892AC /* UIView + Extension.swift */,
				D7C11C452A5792AA000892AC /* UIColor + Extension.swift */,
			);
			path = Extension;
			sourceTree = "<group>";
		};
		D7C11C472A57951D000892AC /* ViewModel */ = {
			isa = PBXGroup;
			children = (
				D7C11C482A579539000892AC /* HomeViewModel.swift */,
			);
			path = ViewModel;
			sourceTree = "<group>";
		};
		D7C11C4B2A57970F000892AC /* PostCardCollectionViewCell */ = {
			isa = PBXGroup;
			children = (
				D7C11C6D2A57A17D000892AC /* ViewModel */,
				D7C11C4C2A579721000892AC /* PostCardCollectionViewCell.swift */,
				D7C11C4E2A579751000892AC /* PostCardCollectionViewCellScreen.swift */,
			);
			path = PostCardCollectionViewCell;
			sourceTree = "<group>";
		};
		D7C11C502A5797E1000892AC /* Post */ = {
			isa = PBXGroup;
			children = (
				D7C11C662A57A0CA000892AC /* PostCollectionViewCell */,
				D7C11C4B2A57970F000892AC /* PostCardCollectionViewCell */,
			);
			path = Post;
			sourceTree = "<group>";
		};
		D7C11C512A5797F0000892AC /* Controller */ = {
			isa = PBXGroup;
			children = (
				D7C11C2D2A578D63000892AC /* HomeViewController.swift */,
			);
			path = Controller;
			sourceTree = "<group>";
		};
		D7C11C522A579805000892AC /* Cell */ = {
			isa = PBXGroup;
			children = (
				D7C11C532A579815000892AC /* Story */,
				D7C11C502A5797E1000892AC /* Post */,
			);
			path = Cell;
			sourceTree = "<group>";
		};
		D7C11C532A579815000892AC /* Story */ = {
			isa = PBXGroup;
			children = (
				D7C11C612A579A72000892AC /* StoryCollectionViewCell */,
				D7C11C542A57982E000892AC /* StoryCardCollectionViewCell */,
			);
			path = Story;
			sourceTree = "<group>";
		};
		D7C11C542A57982E000892AC /* StoryCardCollectionViewCell */ = {
			isa = PBXGroup;
			children = (
				D7C11C592A5798A3000892AC /* StoryViewModel */,
				D7C11C552A579842000892AC /* StoryCardCollectionViewCell.swift */,
				D7C11C572A579866000892AC /* StoryCardCollectionViewCellScreen.swift */,
			);
			path = StoryCardCollectionViewCell;
			sourceTree = "<group>";
		};
		D7C11C592A5798A3000892AC /* StoryViewModel */ = {
			isa = PBXGroup;
			children = (
				D7C11C5A2A5798B1000892AC /* StoryCardViewModel.swift */,
			);
			path = StoryViewModel;
			sourceTree = "<group>";
		};
		D7C11C5C2A5798E6000892AC /* Model */ = {
			isa = PBXGroup;
			children = (
				D7C11C5D2A579910000892AC /* Stories.swift */,
				D7C11C5F2A579924000892AC /* Posts.swift */,
			);
			path = Model;
			sourceTree = "<group>";
		};
		D7C11C612A579A72000892AC /* StoryCollectionViewCell */ = {
			isa = PBXGroup;
			children = (
				D7C11C622A579A82000892AC /* StoryCollectionViewCellScreen.swift */,
				D7C11C642A579AAD000892AC /* StoryCollectionViewCell.swift */,
			);
			path = StoryCollectionViewCell;
			sourceTree = "<group>";
		};
		D7C11C662A57A0CA000892AC /* PostCollectionViewCell */ = {
			isa = PBXGroup;
			children = (
				D7C11C692A57A0E7000892AC /* PostCollectionViewCell.swift */,
				D7C11C6B2A57A101000892AC /* PostCollectionViewCellScreen.swift */,
			);
			path = PostCollectionViewCell;
			sourceTree = "<group>";
		};
		D7C11C6D2A57A17D000892AC /* ViewModel */ = {
			isa = PBXGroup;
			children = (
				D7C11C6E2A57A196000892AC /* PostCardViewModel.swift */,
			);
			path = ViewModel;
			sourceTree = "<group>";
		};
/* End PBXGroup section */

/* Begin PBXNativeTarget section */
		D7C11C252A578D63000892AC /* mvvm */ = {
			isa = PBXNativeTarget;
			buildConfigurationList = D7C11C3A2A578D65000892AC /* Build configuration list for PBXNativeTarget "mvvm" */;
			buildPhases = (
				D7C11C222A578D63000892AC /* Sources */,
				D7C11C232A578D63000892AC /* Frameworks */,
				D7C11C242A578D63000892AC /* Resources */,
			);
			buildRules = (
			);
			dependencies = (
			);
			name = mvvm;
			productName = mvvm;
			productReference = D7C11C262A578D63000892AC /* mvvm.app */;
			productType = "com.apple.product-type.application";
		};
/* End PBXNativeTarget section */

/* Begin PBXProject section */
		D7C11C1E2A578D63000892AC /* Project object */ = {
			isa = PBXProject;
			attributes = {
				BuildIndependentTargetsInParallel = 1;
				LastSwiftUpdateCheck = 1430;
				LastUpgradeCheck = 1430;
				TargetAttributes = {
					D7C11C252A578D63000892AC = {
						CreatedOnToolsVersion = 14.3.1;
					};
				};
			};
			buildConfigurationList = D7C11C212A578D63000892AC /* Build configuration list for PBXProject "mvvm" */;
			compatibilityVersion = "Xcode 14.0";
			developmentRegion = en;
			hasScannedForEncodings = 0;
			knownRegions = (
				en,
				Base,
			);
			mainGroup = D7C11C1D2A578D63000892AC;
			productRefGroup = D7C11C272A578D63000892AC /* Products */;
			projectDirPath = "";
			projectRoot = "";
			targets = (
				D7C11C252A578D63000892AC /* mvvm */,
			);
		};
/* End PBXProject section */

/* Begin PBXResourcesBuildPhase section */
		D7C11C242A578D63000892AC /* Resources */ = {
			isa = PBXResourcesBuildPhase;
			buildActionMask = 2147483647;
			files = (
				D7C11C362A578D65000892AC /* LaunchScreen.storyboard in Resources */,
				D7C11C332A578D65000892AC /* Assets.xcassets in Resources */,
			);
			runOnlyForDeploymentPostprocessing = 0;
		};
/* End PBXResourcesBuildPhase section */

/* Begin PBXSourcesBuildPhase section */
		D7C11C222A578D63000892AC /* Sources */ = {
			isa = PBXSourcesBuildPhase;
			buildActionMask = 2147483647;
			files = (
				D7C11C652A579AAD000892AC /* StoryCollectionViewCell.swift in Sources */,
				D7C11C632A579A82000892AC /* StoryCollectionViewCellScreen.swift in Sources */,
				D7C11C6C2A57A101000892AC /* PostCollectionViewCellScreen.swift in Sources */,
				D7C11C6F2A57A196000892AC /* PostCardViewModel.swift in Sources */,
				D7C11C562A579842000892AC /* StoryCardCollectionViewCell.swift in Sources */,
				D7C11C602A579924000892AC /* Posts.swift in Sources */,
				D7C11C5E2A579910000892AC /* Stories.swift in Sources */,
				D7C11C2E2A578D63000892AC /* HomeViewController.swift in Sources */,
				D7C11C5B2A5798B1000892AC /* StoryCardViewModel.swift in Sources */,
				D7C11C412A579182000892AC /* HomeScreen.swift in Sources */,
				D7C11C582A579866000892AC /* StoryCardCollectionViewCellScreen.swift in Sources */,
				D7C11C492A579539000892AC /* HomeViewModel.swift in Sources */,
				D7C11C2A2A578D63000892AC /* AppDelegate.swift in Sources */,
				D7C11C4D2A579721000892AC /* PostCardCollectionViewCell.swift in Sources */,
				D7C11C6A2A57A0E7000892AC /* PostCollectionViewCell.swift in Sources */,
				D7C11C462A5792AA000892AC /* UIColor + Extension.swift in Sources */,
				D7C11C442A579289000892AC /* UIView + Extension.swift in Sources */,
				D7C11C2C2A578D63000892AC /* SceneDelegate.swift in Sources */,
				D7C11C4F2A579751000892AC /* PostCardCollectionViewCellScreen.swift in Sources */,
			);
			runOnlyForDeploymentPostprocessing = 0;
		};
/* End PBXSourcesBuildPhase section */

/* Begin PBXVariantGroup section */
		D7C11C342A578D65000892AC /* LaunchScreen.storyboard */ = {
			isa = PBXVariantGroup;
			children = (
				D7C11C352A578D65000892AC /* Base */,
			);
			name = LaunchScreen.storyboard;
			sourceTree = "<group>";
		};
/* End PBXVariantGroup section */

/* Begin XCBuildConfiguration section */
		D7C11C382A578D65000892AC /* Debug */ = {
			isa = XCBuildConfiguration;
			buildSettings = {
				ALWAYS_SEARCH_USER_PATHS = NO;
				CLANG_ANALYZER_NONNULL = YES;
				CLANG_ANALYZER_NUMBER_OBJECT_CONVERSION = YES_AGGRESSIVE;
				CLANG_CXX_LANGUAGE_STANDARD = "gnu++20";
				CLANG_ENABLE_MODULES = YES;
				CLANG_ENABLE_OBJC_ARC = YES;
				CLANG_ENABLE_OBJC_WEAK = YES;
				CLANG_WARN_BLOCK_CAPTURE_AUTORELEASING = YES;
				CLANG_WARN_BOOL_CONVERSION = YES;
				CLANG_WARN_COMMA = YES;
				CLANG_WARN_CONSTANT_CONVERSION = YES;
				CLANG_WARN_DEPRECATED_OBJC_IMPLEMENTATIONS = YES;
				CLANG_WARN_DIRECT_OBJC_ISA_USAGE = YES_ERROR;
				CLANG_WARN_DOCUMENTATION_COMMENTS = YES;
				CLANG_WARN_EMPTY_BODY = YES;
				CLANG_WARN_ENUM_CONVERSION = YES;
				CLANG_WARN_INFINITE_RECURSION = YES;
				CLANG_WARN_INT_CONVERSION = YES;
				CLANG_WARN_NON_LITERAL_NULL_CONVERSION = YES;
				CLANG_WARN_OBJC_IMPLICIT_RETAIN_SELF = YES;
				CLANG_WARN_OBJC_LITERAL_CONVERSION = YES;
				CLANG_WARN_OBJC_ROOT_CLASS = YES_ERROR;
				CLANG_WARN_QUOTED_INCLUDE_IN_FRAMEWORK_HEADER = YES;
				CLANG_WARN_RANGE_LOOP_ANALYSIS = YES;
				CLANG_WARN_STRICT_PROTOTYPES = YES;
				CLANG_WARN_SUSPICIOUS_MOVE = YES;
				CLANG_WARN_UNGUARDED_AVAILABILITY = YES_AGGRESSIVE;
				CLANG_WARN_UNREACHABLE_CODE = YES;
				CLANG_WARN__DUPLICATE_METHOD_MATCH = YES;
				COPY_PHASE_STRIP = NO;
				DEBUG_INFORMATION_FORMAT = dwarf;
				ENABLE_STRICT_OBJC_MSGSEND = YES;
				ENABLE_TESTABILITY = YES;
				GCC_C_LANGUAGE_STANDARD = gnu11;
				GCC_DYNAMIC_NO_PIC = NO;
				GCC_NO_COMMON_BLOCKS = YES;
				GCC_OPTIMIZATION_LEVEL = 0;
				GCC_PREPROCESSOR_DEFINITIONS = (
					"DEBUG=1",
					"$(inherited)",
				);
				GCC_WARN_64_TO_32_BIT_CONVERSION = YES;
				GCC_WARN_ABOUT_RETURN_TYPE = YES_ERROR;
				GCC_WARN_UNDECLARED_SELECTOR = YES;
				GCC_WARN_UNINITIALIZED_AUTOS = YES_AGGRESSIVE;
				GCC_WARN_UNUSED_FUNCTION = YES;
				GCC_WARN_UNUSED_VARIABLE = YES;
				IPHONEOS_DEPLOYMENT_TARGET = 16.4;
				MTL_ENABLE_DEBUG_INFO = INCLUDE_SOURCE;
				MTL_FAST_MATH = YES;
				ONLY_ACTIVE_ARCH = YES;
				SDKROOT = iphoneos;
				SWIFT_ACTIVE_COMPILATION_CONDITIONS = DEBUG;
				SWIFT_OPTIMIZATION_LEVEL = "-Onone";
			};
			name = Debug;
		};
		D7C11C392A578D65000892AC /* Release */ = {
			isa = XCBuildConfiguration;
			buildSettings = {
				ALWAYS_SEARCH_USER_PATHS = NO;
				CLANG_ANALYZER_NONNULL = YES;
				CLANG_ANALYZER_NUMBER_OBJECT_CONVERSION = YES_AGGRESSIVE;
				CLANG_CXX_LANGUAGE_STANDARD = "gnu++20";
				CLANG_ENABLE_MODULES = YES;
				CLANG_ENABLE_OBJC_ARC = YES;
				CLANG_ENABLE_OBJC_WEAK = YES;
				CLANG_WARN_BLOCK_CAPTURE_AUTORELEASING = YES;
				CLANG_WARN_BOOL_CONVERSION = YES;
				CLANG_WARN_COMMA = YES;
				CLANG_WARN_CONSTANT_CONVERSION = YES;
				CLANG_WARN_DEPRECATED_OBJC_IMPLEMENTATIONS = YES;
				CLANG_WARN_DIRECT_OBJC_ISA_USAGE = YES_ERROR;
				CLANG_WARN_DOCUMENTATION_COMMENTS = YES;
				CLANG_WARN_EMPTY_BODY = YES;
				CLANG_WARN_ENUM_CONVERSION = YES;
				CLANG_WARN_INFINITE_RECURSION = YES;
				CLANG_WARN_INT_CONVERSION = YES;
				CLANG_WARN_NON_LITERAL_NULL_CONVERSION = YES;
				CLANG_WARN_OBJC_IMPLICIT_RETAIN_SELF = YES;
				CLANG_WARN_OBJC_LITERAL_CONVERSION = YES;
				CLANG_WARN_OBJC_ROOT_CLASS = YES_ERROR;
				CLANG_WARN_QUOTED_INCLUDE_IN_FRAMEWORK_HEADER = YES;
				CLANG_WARN_RANGE_LOOP_ANALYSIS = YES;
				CLANG_WARN_STRICT_PROTOTYPES = YES;
				CLANG_WARN_SUSPICIOUS_MOVE = YES;
				CLANG_WARN_UNGUARDED_AVAILABILITY = YES_AGGRESSIVE;
				CLANG_WARN_UNREACHABLE_CODE = YES;
				CLANG_WARN__DUPLICATE_METHOD_MATCH = YES;
				COPY_PHASE_STRIP = NO;
				DEBUG_INFORMATION_FORMAT = "dwarf-with-dsym";
				ENABLE_NS_ASSERTIONS = NO;
				ENABLE_STRICT_OBJC_MSGSEND = YES;
				GCC_C_LANGUAGE_STANDARD = gnu11;
				GCC_NO_COMMON_BLOCKS = YES;
				GCC_WARN_64_TO_32_BIT_CONVERSION = YES;
				GCC_WARN_ABOUT_RETURN_TYPE = YES_ERROR;
				GCC_WARN_UNDECLARED_SELECTOR = YES;
				GCC_WARN_UNINITIALIZED_AUTOS = YES_AGGRESSIVE;
				GCC_WARN_UNUSED_FUNCTION = YES;
				GCC_WARN_UNUSED_VARIABLE = YES;
				IPHONEOS_DEPLOYMENT_TARGET = 16.4;
				MTL_ENABLE_DEBUG_INFO = NO;
				MTL_FAST_MATH = YES;
				SDKROOT = iphoneos;
				SWIFT_COMPILATION_MODE = wholemodule;
				SWIFT_OPTIMIZATION_LEVEL = "-O";
				VALIDATE_PRODUCT = YES;
			};
			name = Release;
		};
		D7C11C3B2A578D65000892AC /* Debug */ = {
			isa = XCBuildConfiguration;
			buildSettings = {
				ASSETCATALOG_COMPILER_APPICON_NAME = AppIcon;
				ASSETCATALOG_COMPILER_GLOBAL_ACCENT_COLOR_NAME = AccentColor;
				CODE_SIGN_STYLE = Automatic;
				CURRENT_PROJECT_VERSION = 1;
				GENERATE_INFOPLIST_FILE = YES;
				INFOPLIST_FILE = mvvm/Info.plist;
				INFOPLIST_KEY_UIApplicationSupportsIndirectInputEvents = YES;
				INFOPLIST_KEY_UILaunchStoryboardName = LaunchScreen;
				INFOPLIST_KEY_UISupportedInterfaceOrientations_iPad = "UIInterfaceOrientationPortrait UIInterfaceOrientationPortraitUpsideDown UIInterfaceOrientationLandscapeLeft UIInterfaceOrientationLandscapeRight";
				INFOPLIST_KEY_UISupportedInterfaceOrientations_iPhone = "UIInterfaceOrientationPortrait UIInterfaceOrientationLandscapeLeft UIInterfaceOrientationLandscapeRight";
				LD_RUNPATH_SEARCH_PATHS = (
					"$(inherited)",
					"@executable_path/Frameworks",
				);
				MARKETING_VERSION = 1.0;
				PRODUCT_BUNDLE_IDENTIFIER = com.kellerlivia.mvvm;
				PRODUCT_NAME = "$(TARGET_NAME)";
				SWIFT_EMIT_LOC_STRINGS = YES;
				SWIFT_VERSION = 5.0;
				TARGETED_DEVICE_FAMILY = "1,2";
			};
			name = Debug;
		};
		D7C11C3C2A578D65000892AC /* Release */ = {
			isa = XCBuildConfiguration;
			buildSettings = {
				ASSETCATALOG_COMPILER_APPICON_NAME = AppIcon;
				ASSETCATALOG_COMPILER_GLOBAL_ACCENT_COLOR_NAME = AccentColor;
				CODE_SIGN_STYLE = Automatic;
				CURRENT_PROJECT_VERSION = 1;
				GENERATE_INFOPLIST_FILE = YES;
				INFOPLIST_FILE = mvvm/Info.plist;
				INFOPLIST_KEY_UIApplicationSupportsIndirectInputEvents = YES;
				INFOPLIST_KEY_UILaunchStoryboardName = LaunchScreen;
				INFOPLIST_KEY_UISupportedInterfaceOrientations_iPad = "UIInterfaceOrientationPortrait UIInterfaceOrientationPortraitUpsideDown UIInterfaceOrientationLandscapeLeft UIInterfaceOrientationLandscapeRight";
				INFOPLIST_KEY_UISupportedInterfaceOrientations_iPhone = "UIInterfaceOrientationPortrait UIInterfaceOrientationLandscapeLeft UIInterfaceOrientationLandscapeRight";
				LD_RUNPATH_SEARCH_PATHS = (
					"$(inherited)",
					"@executable_path/Frameworks",
				);
				MARKETING_VERSION = 1.0;
				PRODUCT_BUNDLE_IDENTIFIER = com.kellerlivia.mvvm;
				PRODUCT_NAME = "$(TARGET_NAME)";
				SWIFT_EMIT_LOC_STRINGS = YES;
				SWIFT_VERSION = 5.0;
				TARGETED_DEVICE_FAMILY = "1,2";
			};
			name = Release;
		};
/* End XCBuildConfiguration section */

/* Begin XCConfigurationList section */
		D7C11C212A578D63000892AC /* Build configuration list for PBXProject "mvvm" */ = {
			isa = XCConfigurationList;
			buildConfigurations = (
				D7C11C382A578D65000892AC /* Debug */,
				D7C11C392A578D65000892AC /* Release */,
			);
			defaultConfigurationIsVisible = 0;
			defaultConfigurationName = Release;
		};
		D7C11C3A2A578D65000892AC /* Build configuration list for PBXNativeTarget "mvvm" */ = {
			isa = XCConfigurationList;
			buildConfigurations = (
				D7C11C3B2A578D65000892AC /* Debug */,
				D7C11C3C2A578D65000892AC /* Release */,
			);
			defaultConfigurationIsVisible = 0;
			defaultConfigurationName = Release;
		};
/* End XCConfigurationList section */
	};
	rootObject = D7C11C1E2A578D63000892AC /* Project object */;
}
